dependencies:
- name: elasticsearch
  repository: https://helm.elastic.co
  version: 7.17.1
- name: zookeeper
  repository: https://charts.bitnami.com/bitnami
  version: 6.7.2
- name: redis
  repository: https://charts.bitnami.com/bitnami
  version: 15.5.2
- name: nfs-server-provisioner
  repository: https://kvaps.github.io/charts
  version: 1.3.1
digest: sha256:4e705efe725d00dd3bc3a7ca79027a0ab737819495d335b436f2b2f8519a18be
generated: "2021-11-03T20:56:39.451583-04:00"
